// !$*UTF8*$!
{
	archiveVersion = 1;
	classes = {
	};
	objectVersion = 46;
	objects = {

/* Begin PBXBuildFile section */
		74042A70985DF24DC1A57AB4 /* libPods-初步学习GCD.a in Frameworks */ = {isa = PBXBuildFile; fileRef = 8EAC962B7B496A6915CD4229 /* libPods-初步学习GCD.a */; };
		825AB1C220739A790086BC2D /* TestView.m in Sources */ = {isa = PBXBuildFile; fileRef = 825AB1C120739A790086BC2D /* TestView.m */; };
		825AB1C520739B6C0086BC2D /* FixTestView.m in Sources */ = {isa = PBXBuildFile; fileRef = 825AB1C420739B6C0086BC2D /* FixTestView.m */; };
		9504C0261FC2C54D008D3FDF /* STSegmentView.m in Sources */ = {isa = PBXBuildFile; fileRef = 9504C0251FC2C54C008D3FDF /* STSegmentView.m */; };
		954EBC9E1FBEA49200A95534 /* UIView+BordView.m in Sources */ = {isa = PBXBuildFile; fileRef = 954EBC9D1FBEA49200A95534 /* UIView+BordView.m */; };
		954EBCA41FBEC7D700A95534 /* FSLabel.m in Sources */ = {isa = PBXBuildFile; fileRef = 954EBCA31FBEC7D700A95534 /* FSLabel.m */; };
		95F1143B1FBD75C20002A052 /* Person.m in Sources */ = {isa = PBXBuildFile; fileRef = 95F1143A1FBD75C20002A052 /* Person.m */; };
		E8E0B79F1EF265F1004D19D1 /* main.m in Sources */ = {isa = PBXBuildFile; fileRef = E8E0B79E1EF265F1004D19D1 /* main.m */; };
		E8E0B7A21EF265F1004D19D1 /* AppDelegate.m in Sources */ = {isa = PBXBuildFile; fileRef = E8E0B7A11EF265F1004D19D1 /* AppDelegate.m */; };
		E8E0B7A51EF265F1004D19D1 /* ViewController.m in Sources */ = {isa = PBXBuildFile; fileRef = E8E0B7A41EF265F1004D19D1 /* ViewController.m */; };
		E8E0B7A81EF265F1004D19D1 /* Main.storyboard in Resources */ = {isa = PBXBuildFile; fileRef = E8E0B7A61EF265F1004D19D1 /* Main.storyboard */; };
		E8E0B7AA1EF265F1004D19D1 /* Assets.xcassets in Resources */ = {isa = PBXBuildFile; fileRef = E8E0B7A91EF265F1004D19D1 /* Assets.xcassets */; };
		E8E0B7AD1EF265F1004D19D1 /* LaunchScreen.storyboard in Resources */ = {isa = PBXBuildFile; fileRef = E8E0B7AB1EF265F1004D19D1 /* LaunchScreen.storyboard */; };
		E8E0B7B81EF265F1004D19D1 /* ____GCDTests.m in Sources */ = {isa = PBXBuildFile; fileRef = E8E0B7B71EF265F1004D19D1 /* ____GCDTests.m */; };
		E8E0B7C31EF265F1004D19D1 /* ____GCDUITests.m in Sources */ = {isa = PBXBuildFile; fileRef = E8E0B7C21EF265F1004D19D1 /* ____GCDUITests.m */; };
		E8EB77121F03CB0100594B04 /* NetworkHelper.m in Sources */ = {isa = PBXBuildFile; fileRef = E8EB77111F03CB0100594B04 /* NetworkHelper.m */; };
/* End PBXBuildFile section */

/* Begin PBXContainerItemProxy section */
		E8E0B7B41EF265F1004D19D1 /* PBXContainerItemProxy */ = {
			isa = PBXContainerItemProxy;
			containerPortal = E8E0B7921EF265F1004D19D1 /* Project object */;
			proxyType = 1;
			remoteGlobalIDString = E8E0B7991EF265F1004D19D1;
			remoteInfo = "初步学习GCD";
		};
		E8E0B7BF1EF265F1004D19D1 /* PBXContainerItemProxy */ = {
			isa = PBXContainerItemProxy;
			containerPortal = E8E0B7921EF265F1004D19D1 /* Project object */;
			proxyType = 1;
			remoteGlobalIDString = E8E0B7991EF265F1004D19D1;
			remoteInfo = "初步学习GCD";
		};
/* End PBXContainerItemProxy section */

/* Begin PBXFileReference section */
		0FD6D44812238C84B391CCE0 /* Pods-初步学习GCD.release.xcconfig */ = {isa = PBXFileReference; includeInIndex = 1; lastKnownFileType = text.xcconfig; name = "Pods-初步学习GCD.release.xcconfig"; path = "Pods/Target Support Files/Pods-初步学习GCD/Pods-初步学习GCD.release.xcconfig"; sourceTree = "<group>"; };
		2695B7C416DB026A31C44E78 /* Pods-初步学习GCD.debug.xcconfig */ = {isa = PBXFileReference; includeInIndex = 1; lastKnownFileType = text.xcconfig; name = "Pods-初步学习GCD.debug.xcconfig"; path = "Pods/Target Support Files/Pods-初步学习GCD/Pods-初步学习GCD.debug.xcconfig"; sourceTree = "<group>"; };
		825AB1C020739A790086BC2D /* TestView.h */ = {isa = PBXFileReference; lastKnownFileType = sourcecode.c.h; path = TestView.h; sourceTree = "<group>"; };
		825AB1C120739A790086BC2D /* TestView.m */ = {isa = PBXFileReference; lastKnownFileType = sourcecode.c.objc; path = TestView.m; sourceTree = "<group>"; };
		825AB1C320739B6C0086BC2D /* FixTestView.h */ = {isa = PBXFileReference; lastKnownFileType = sourcecode.c.h; path = FixTestView.h; sourceTree = "<group>"; };
		825AB1C420739B6C0086BC2D /* FixTestView.m */ = {isa = PBXFileReference; lastKnownFileType = sourcecode.c.objc; path = FixTestView.m; sourceTree = "<group>"; };
		8EAC962B7B496A6915CD4229 /* libPods-初步学习GCD.a */ = {isa = PBXFileReference; explicitFileType = archive.ar; includeInIndex = 0; path = "libPods-初步学习GCD.a"; sourceTree = BUILT_PRODUCTS_DIR; };
		9504C0241FC2C54C008D3FDF /* STSegmentView.h */ = {isa = PBXFileReference; fileEncoding = 4; lastKnownFileType = sourcecode.c.h; path = STSegmentView.h; sourceTree = "<group>"; };
		9504C0251FC2C54C008D3FDF /* STSegmentView.m */ = {isa = PBXFileReference; fileEncoding = 4; lastKnownFileType = sourcecode.c.objc; path = STSegmentView.m; sourceTree = "<group>"; };
		954EBC9C1FBEA49200A95534 /* UIView+BordView.h */ = {isa = PBXFileReference; lastKnownFileType = sourcecode.c.h; path = "UIView+BordView.h"; sourceTree = "<group>"; };
		954EBC9D1FBEA49200A95534 /* UIView+BordView.m */ = {isa = PBXFileReference; lastKnownFileType = sourcecode.c.objc; path = "UIView+BordView.m"; sourceTree = "<group>"; };
		954EBCA21FBEC7D700A95534 /* FSLabel.h */ = {isa = PBXFileReference; lastKnownFileType = sourcecode.c.h; path = FSLabel.h; sourceTree = "<group>"; };
		954EBCA31FBEC7D700A95534 /* FSLabel.m */ = {isa = PBXFileReference; lastKnownFileType = sourcecode.c.objc; path = FSLabel.m; sourceTree = "<group>"; };
		95F114391FBD75C20002A052 /* Person.h */ = {isa = PBXFileReference; lastKnownFileType = sourcecode.c.h; path = Person.h; sourceTree = "<group>"; };
		95F1143A1FBD75C20002A052 /* Person.m */ = {isa = PBXFileReference; lastKnownFileType = sourcecode.c.objc; path = Person.m; sourceTree = "<group>"; };
		E8E0B79A1EF265F1004D19D1 /* 初步学习GCD.app */ = {isa = PBXFileReference; explicitFileType = wrapper.application; includeInIndex = 0; path = "初步学习GCD.app"; sourceTree = BUILT_PRODUCTS_DIR; };
		E8E0B79E1EF265F1004D19D1 /* main.m */ = {isa = PBXFileReference; lastKnownFileType = sourcecode.c.objc; path = main.m; sourceTree = "<group>"; };
		E8E0B7A01EF265F1004D19D1 /* AppDelegate.h */ = {isa = PBXFileReference; lastKnownFileType = sourcecode.c.h; path = AppDelegate.h; sourceTree = "<group>"; };
		E8E0B7A11EF265F1004D19D1 /* AppDelegate.m */ = {isa = PBXFileReference; lastKnownFileType = sourcecode.c.objc; path = AppDelegate.m; sourceTree = "<group>"; };
		E8E0B7A31EF265F1004D19D1 /* ViewController.h */ = {isa = PBXFileReference; lastKnownFileType = sourcecode.c.h; path = ViewController.h; sourceTree = "<group>"; };
		E8E0B7A41EF265F1004D19D1 /* ViewController.m */ = {isa = PBXFileReference; lastKnownFileType = sourcecode.c.objc; path = ViewController.m; sourceTree = "<group>"; };
		E8E0B7A71EF265F1004D19D1 /* Base */ = {isa = PBXFileReference; lastKnownFileType = file.storyboard; name = Base; path = Base.lproj/Main.storyboard; sourceTree = "<group>"; };
		E8E0B7A91EF265F1004D19D1 /* Assets.xcassets */ = {isa = PBXFileReference; lastKnownFileType = folder.assetcatalog; path = Assets.xcassets; sourceTree = "<group>"; };
		E8E0B7AC1EF265F1004D19D1 /* Base */ = {isa = PBXFileReference; lastKnownFileType = file.storyboard; name = Base; path = Base.lproj/LaunchScreen.storyboard; sourceTree = "<group>"; };
		E8E0B7AE1EF265F1004D19D1 /* Info.plist */ = {isa = PBXFileReference; lastKnownFileType = text.plist.xml; path = Info.plist; sourceTree = "<group>"; };
		E8E0B7B31EF265F1004D19D1 /* 初步学习GCDTests.xctest */ = {isa = PBXFileReference; explicitFileType = wrapper.cfbundle; includeInIndex = 0; path = "初步学习GCDTests.xctest"; sourceTree = BUILT_PRODUCTS_DIR; };
		E8E0B7B71EF265F1004D19D1 /* ____GCDTests.m */ = {isa = PBXFileReference; lastKnownFileType = sourcecode.c.objc; path = ____GCDTests.m; sourceTree = "<group>"; };
		E8E0B7B91EF265F1004D19D1 /* Info.plist */ = {isa = PBXFileReference; lastKnownFileType = text.plist.xml; path = Info.plist; sourceTree = "<group>"; };
		E8E0B7BE1EF265F1004D19D1 /* 初步学习GCDUITests.xctest */ = {isa = PBXFileReference; explicitFileType = wrapper.cfbundle; includeInIndex = 0; path = "初步学习GCDUITests.xctest"; sourceTree = BUILT_PRODUCTS_DIR; };
		E8E0B7C21EF265F1004D19D1 /* ____GCDUITests.m */ = {isa = PBXFileReference; lastKnownFileType = sourcecode.c.objc; path = ____GCDUITests.m; sourceTree = "<group>"; };
		E8E0B7C41EF265F1004D19D1 /* Info.plist */ = {isa = PBXFileReference; lastKnownFileType = text.plist.xml; path = Info.plist; sourceTree = "<group>"; };
		E8EB77101F03CB0100594B04 /* NetworkHelper.h */ = {isa = PBXFileReference; fileEncoding = 4; lastKnownFileType = sourcecode.c.h; path = NetworkHelper.h; sourceTree = "<group>"; };
		E8EB77111F03CB0100594B04 /* NetworkHelper.m */ = {isa = PBXFileReference; fileEncoding = 4; lastKnownFileType = sourcecode.c.objc; path = NetworkHelper.m; sourceTree = "<group>"; };
/* End PBXFileReference section */

/* Begin PBXFrameworksBuildPhase section */
		E8E0B7971EF265F1004D19D1 /* Frameworks */ = {
			isa = PBXFrameworksBuildPhase;
			buildActionMask = 2147483647;
			files = (
				74042A70985DF24DC1A57AB4 /* libPods-初步学习GCD.a in Frameworks */,
			);
			runOnlyForDeploymentPostprocessing = 0;
		};
		E8E0B7B01EF265F1004D19D1 /* Frameworks */ = {
			isa = PBXFrameworksBuildPhase;
			buildActionMask = 2147483647;
			files = (
			);
			runOnlyForDeploymentPostprocessing = 0;
		};
		E8E0B7BB1EF265F1004D19D1 /* Frameworks */ = {
			isa = PBXFrameworksBuildPhase;
			buildActionMask = 2147483647;
			files = (
			);
			runOnlyForDeploymentPostprocessing = 0;
		};
/* End PBXFrameworksBuildPhase section */

/* Begin PBXGroup section */
		0A0A4EADCCA5B08AB1E3FBB1 /* Pods */ = {
			isa = PBXGroup;
			children = (
				2695B7C416DB026A31C44E78 /* Pods-初步学习GCD.debug.xcconfig */,
				0FD6D44812238C84B391CCE0 /* Pods-初步学习GCD.release.xcconfig */,
			);
			name = Pods;
			sourceTree = "<group>";
		};
		9504C0231FC2C54C008D3FDF /* STSegmentView */ = {
			isa = PBXGroup;
			children = (
				9504C0241FC2C54C008D3FDF /* STSegmentView.h */,
				9504C0251FC2C54C008D3FDF /* STSegmentView.m */,
			);
			path = STSegmentView;
			sourceTree = "<group>";
		};
		A0426EDD29759CC4407A571E /* Frameworks */ = {
			isa = PBXGroup;
			children = (
				8EAC962B7B496A6915CD4229 /* libPods-初步学习GCD.a */,
			);
			name = Frameworks;
			sourceTree = "<group>";
		};
		E8E0B7911EF265F1004D19D1 = {
			isa = PBXGroup;
			children = (
				E8E0B79C1EF265F1004D19D1 /* 初步学习GCD */,
				E8E0B7B61EF265F1004D19D1 /* 初步学习GCDTests */,
				E8E0B7C11EF265F1004D19D1 /* 初步学习GCDUITests */,
				E8E0B79B1EF265F1004D19D1 /* Products */,
				0A0A4EADCCA5B08AB1E3FBB1 /* Pods */,
				A0426EDD29759CC4407A571E /* Frameworks */,
			);
			sourceTree = "<group>";
		};
		E8E0B79B1EF265F1004D19D1 /* Products */ = {
			isa = PBXGroup;
			children = (
				E8E0B79A1EF265F1004D19D1 /* 初步学习GCD.app */,
				E8E0B7B31EF265F1004D19D1 /* 初步学习GCDTests.xctest */,
				E8E0B7BE1EF265F1004D19D1 /* 初步学习GCDUITests.xctest */,
			);
			name = Products;
			sourceTree = "<group>";
		};
		E8E0B79C1EF265F1004D19D1 /* 初步学习GCD */ = {
			isa = PBXGroup;
			children = (
				9504C0231FC2C54C008D3FDF /* STSegmentView */,
				E8E0B7A01EF265F1004D19D1 /* AppDelegate.h */,
				E8E0B7A11EF265F1004D19D1 /* AppDelegate.m */,
				E8E0B7A31EF265F1004D19D1 /* ViewController.h */,
				E8E0B7A41EF265F1004D19D1 /* ViewController.m */,
				954EBC9C1FBEA49200A95534 /* UIView+BordView.h */,
				954EBCA21FBEC7D700A95534 /* FSLabel.h */,
				954EBC9D1FBEA49200A95534 /* UIView+BordView.m */,
				954EBCA31FBEC7D700A95534 /* FSLabel.m */,
				E8EB77101F03CB0100594B04 /* NetworkHelper.h */,
				E8EB77111F03CB0100594B04 /* NetworkHelper.m */,
				95F114391FBD75C20002A052 /* Person.h */,
				95F1143A1FBD75C20002A052 /* Person.m */,
				825AB1C020739A790086BC2D /* TestView.h */,
				825AB1C120739A790086BC2D /* TestView.m */,
				825AB1C320739B6C0086BC2D /* FixTestView.h */,
				825AB1C420739B6C0086BC2D /* FixTestView.m */,
				E8E0B7A61EF265F1004D19D1 /* Main.storyboard */,
				E8E0B7A91EF265F1004D19D1 /* Assets.xcassets */,
				E8E0B7AB1EF265F1004D19D1 /* LaunchScreen.storyboard */,
				E8E0B7AE1EF265F1004D19D1 /* Info.plist */,
				E8E0B79D1EF265F1004D19D1 /* Supporting Files */,
			);
			path = "初步学习GCD";
			sourceTree = "<group>";
		};
		E8E0B79D1EF265F1004D19D1 /* Supporting Files */ = {
			isa = PBXGroup;
			children = (
				E8E0B79E1EF265F1004D19D1 /* main.m */,
			);
			name = "Supporting Files";
			sourceTree = "<group>";
		};
		E8E0B7B61EF265F1004D19D1 /* 初步学习GCDTests */ = {
			isa = PBXGroup;
			children = (
				E8E0B7B71EF265F1004D19D1 /* ____GCDTests.m */,
				E8E0B7B91EF265F1004D19D1 /* Info.plist */,
			);
			path = "初步学习GCDTests";
			sourceTree = "<group>";
		};
		E8E0B7C11EF265F1004D19D1 /* 初步学习GCDUITests */ = {
			isa = PBXGroup;
			children = (
				E8E0B7C21EF265F1004D19D1 /* ____GCDUITests.m */,
				E8E0B7C41EF265F1004D19D1 /* Info.plist */,
			);
			path = "初步学习GCDUITests";
			sourceTree = "<group>";
		};
/* End PBXGroup section */

/* Begin PBXNativeTarget section */
		E8E0B7991EF265F1004D19D1 /* 初步学习GCD */ = {
			isa = PBXNativeTarget;
			buildConfigurationList = E8E0B7C71EF265F1004D19D1 /* Build configuration list for PBXNativeTarget "初步学习GCD" */;
			buildPhases = (
				0EE1984BC0F06E51E742332A /* [CP] Check Pods Manifest.lock */,
				E8E0B7961EF265F1004D19D1 /* Sources */,
				E8E0B7971EF265F1004D19D1 /* Frameworks */,
				E8E0B7981EF265F1004D19D1 /* Resources */,
				78DBDD62FBBA1256FBE3C0D1 /* [CP] Embed Pods Frameworks */,
				52D75F86AC0578B24BC1B070 /* [CP] Copy Pods Resources */,
			);
			buildRules = (
			);
			dependencies = (
			);
			name = "初步学习GCD";
			productName = "初步学习GCD";
			productReference = E8E0B79A1EF265F1004D19D1 /* 初步学习GCD.app */;
			productType = "com.apple.product-type.application";
		};
		E8E0B7B21EF265F1004D19D1 /* 初步学习GCDTests */ = {
			isa = PBXNativeTarget;
			buildConfigurationList = E8E0B7CA1EF265F1004D19D1 /* Build configuration list for PBXNativeTarget "初步学习GCDTests" */;
			buildPhases = (
				E8E0B7AF1EF265F1004D19D1 /* Sources */,
				E8E0B7B01EF265F1004D19D1 /* Frameworks */,
				E8E0B7B11EF265F1004D19D1 /* Resources */,
			);
			buildRules = (
			);
			dependencies = (
				E8E0B7B51EF265F1004D19D1 /* PBXTargetDependency */,
			);
			name = "初步学习GCDTests";
			productName = "初步学习GCDTests";
			productReference = E8E0B7B31EF265F1004D19D1 /* 初步学习GCDTests.xctest */;
			productType = "com.apple.product-type.bundle.unit-test";
		};
		E8E0B7BD1EF265F1004D19D1 /* 初步学习GCDUITests */ = {
			isa = PBXNativeTarget;
			buildConfigurationList = E8E0B7CD1EF265F1004D19D1 /* Build configuration list for PBXNativeTarget "初步学习GCDUITests" */;
			buildPhases = (
				E8E0B7BA1EF265F1004D19D1 /* Sources */,
				E8E0B7BB1EF265F1004D19D1 /* Frameworks */,
				E8E0B7BC1EF265F1004D19D1 /* Resources */,
			);
			buildRules = (
			);
			dependencies = (
				E8E0B7C01EF265F1004D19D1 /* PBXTargetDependency */,
			);
			name = "初步学习GCDUITests";
			productName = "初步学习GCDUITests";
			productReference = E8E0B7BE1EF265F1004D19D1 /* 初步学习GCDUITests.xctest */;
			productType = "com.apple.product-type.bundle.ui-testing";
		};
/* End PBXNativeTarget section */

/* Begin PBXProject section */
		E8E0B7921EF265F1004D19D1 /* Project object */ = {
			isa = PBXProject;
			attributes = {
				LastUpgradeCheck = 0830;
				ORGANIZATIONNAME = "冯硕";
				TargetAttributes = {
					E8E0B7991EF265F1004D19D1 = {
						CreatedOnToolsVersion = 8.3.3;
						DevelopmentTeam = Z9ETZL94AX;
						ProvisioningStyle = Automatic;
					};
					E8E0B7B21EF265F1004D19D1 = {
						CreatedOnToolsVersion = 8.3.3;
						DevelopmentTeam = Z9ETZL94AX;
						ProvisioningStyle = Automatic;
						TestTargetID = E8E0B7991EF265F1004D19D1;
					};
					E8E0B7BD1EF265F1004D19D1 = {
						CreatedOnToolsVersion = 8.3.3;
						DevelopmentTeam = Z9ETZL94AX;
						ProvisioningStyle = Automatic;
						TestTargetID = E8E0B7991EF265F1004D19D1;
					};
				};
			};
			buildConfigurationList = E8E0B7951EF265F1004D19D1 /* Build configuration list for PBXProject "初步学习GCD" */;
			compatibilityVersion = "Xcode 3.2";
			developmentRegion = English;
			hasScannedForEncodings = 0;
			knownRegions = (
				en,
				Base,
			);
			mainGroup = E8E0B7911EF265F1004D19D1;
			productRefGroup = E8E0B79B1EF265F1004D19D1 /* Products */;
			projectDirPath = "";
			projectRoot = "";
			targets = (
				E8E0B7991EF265F1004D19D1 /* 初步学习GCD */,
				E8E0B7B21EF265F1004D19D1 /* 初步学习GCDTests */,
				E8E0B7BD1EF265F1004D19D1 /* 初步学习GCDUITests */,
			);
		};
/* End PBXProject section */

/* Begin PBXResourcesBuildPhase section */
		E8E0B7981EF265F1004D19D1 /* Resources */ = {
			isa = PBXResourcesBuildPhase;
			buildActionMask = 2147483647;
			files = (
				E8E0B7AD1EF265F1004D19D1 /* LaunchScreen.storyboard in Resources */,
				E8E0B7AA1EF265F1004D19D1 /* Assets.xcassets in Resources */,
				E8E0B7A81EF265F1004D19D1 /* Main.storyboard in Resources */,
			);
			runOnlyForDeploymentPostprocessing = 0;
		};
		E8E0B7B11EF265F1004D19D1 /* Resources */ = {
			isa = PBXResourcesBuildPhase;
			buildActionMask = 2147483647;
			files = (
			);
			runOnlyForDeploymentPostprocessing = 0;
		};
		E8E0B7BC1EF265F1004D19D1 /* Resources */ = {
			isa = PBXResourcesBuildPhase;
			buildActionMask = 2147483647;
			files = (
			);
			runOnlyForDeploymentPostprocessing = 0;
		};
/* End PBXResourcesBuildPhase section */

/* Begin PBXShellScriptBuildPhase section */
		0EE1984BC0F06E51E742332A /* [CP] Check Pods Manifest.lock */ = {
			isa = PBXShellScriptBuildPhase;
			buildActionMask = 2147483647;
			files = (
			);
			inputPaths = (
				"${PODS_PODFILE_DIR_PATH}/Podfile.lock",
				"${PODS_ROOT}/Manifest.lock",
			);
			name = "[CP] Check Pods Manifest.lock";
			outputPaths = (
				"$(DERIVED_FILE_DIR)/Pods-初步学习GCD-checkManifestLockResult.txt",
			);
			runOnlyForDeploymentPostprocessing = 0;
			shellPath = /bin/sh;
			shellScript = "diff \"${PODS_PODFILE_DIR_PATH}/Podfile.lock\" \"${PODS_ROOT}/Manifest.lock\" > /dev/null\nif [ $? != 0 ] ; then\n    # print error to STDERR\n    echo \"error: The sandbox is not in sync with the Podfile.lock. Run 'pod install' or update your CocoaPods installation.\" >&2\n    exit 1\nfi\n# This output is used by Xcode 'outputs' to avoid re-running this script phase.\necho \"SUCCESS\" > \"${SCRIPT_OUTPUT_FILE_0}\"\n";
			showEnvVarsInLog = 0;
		};
		52D75F86AC0578B24BC1B070 /* [CP] Copy Pods Resources */ = {
			isa = PBXShellScriptBuildPhase;
			buildActionMask = 2147483647;
			files = (
			);
			inputPaths = (
			);
			name = "[CP] Copy Pods Resources";
			outputPaths = (
			);
			runOnlyForDeploymentPostprocessing = 0;
			shellPath = /bin/sh;
			shellScript = "\"${SRCROOT}/Pods/Target Support Files/Pods-初步学习GCD/Pods-初步学习GCD-resources.sh\"\n";
			showEnvVarsInLog = 0;
		};
		78DBDD62FBBA1256FBE3C0D1 /* [CP] Embed Pods Frameworks */ = {
			isa = PBXShellScriptBuildPhase;
			buildActionMask = 2147483647;
			files = (
			);
			inputPaths = (
			);
			name = "[CP] Embed Pods Frameworks";
			outputPaths = (
			);
			runOnlyForDeploymentPostprocessing = 0;
			shellPath = /bin/sh;
			shellScript = "\"${SRCROOT}/Pods/Target Support Files/Pods-初步学习GCD/Pods-初步学习GCD-frameworks.sh\"\n";
			showEnvVarsInLog = 0;
		};
/* End PBXShellScriptBuildPhase section */

/* Begin PBXSourcesBuildPhase section */
		E8E0B7961EF265F1004D19D1 /* Sources */ = {
			isa = PBXSourcesBuildPhase;
			buildActionMask = 2147483647;
			files = (
				954EBC9E1FBEA49200A95534 /* UIView+BordView.m in Sources */,
				954EBCA41FBEC7D700A95534 /* FSLabel.m in Sources */,
				825AB1C520739B6C0086BC2D /* FixTestView.m in Sources */,
				E8EB77121F03CB0100594B04 /* NetworkHelper.m in Sources */,
				E8E0B7A51EF265F1004D19D1 /* ViewController.m in Sources */,
				95F1143B1FBD75C20002A052 /* Person.m in Sources */,
				E8E0B7A21EF265F1004D19D1 /* AppDelegate.m in Sources */,
				E8E0B79F1EF265F1004D19D1 /* main.m in Sources */,
				825AB1C220739A790086BC2D /* TestView.m in Sources */,
				9504C0261FC2C54D008D3FDF /* STSegmentView.m in Sources */,
			);
			runOnlyForDeploymentPostprocessing = 0;
		};
		E8E0B7AF1EF265F1004D19D1 /* Sources */ = {
			isa = PBXSourcesBuildPhase;
			buildActionMask = 2147483647;
			files = (
				E8E0B7B81EF265F1004D19D1 /* ____GCDTests.m in Sources */,
			);
			runOnlyForDeploymentPostprocessing = 0;
		};
		E8E0B7BA1EF265F1004D19D1 /* Sources */ = {
			isa = PBXSourcesBuildPhase;
			buildActionMask = 2147483647;
			files = (
				E8E0B7C31EF265F1004D19D1 /* ____GCDUITests.m in Sources */,
			);
			runOnlyForDeploymentPostprocessing = 0;
		};
/* End PBXSourcesBuildPhase section */

/* Begin PBXTargetDependency section */
		E8E0B7B51EF265F1004D19D1 /* PBXTargetDependency */ = {
			isa = PBXTargetDependency;
			target = E8E0B7991EF265F1004D19D1 /* 初步学习GCD */;
			targetProxy = E8E0B7B41EF265F1004D19D1 /* PBXContainerItemProxy */;
		};
		E8E0B7C01EF265F1004D19D1 /* PBXTargetDependency */ = {
			isa = PBXTargetDependency;
			target = E8E0B7991EF265F1004D19D1 /* 初步学习GCD */;
			targetProxy = E8E0B7BF1EF265F1004D19D1 /* PBXContainerItemProxy */;
		};
/* End PBXTargetDependency section */

/* Begin PBXVariantGroup section */
		E8E0B7A61EF265F1004D19D1 /* Main.storyboard */ = {
			isa = PBXVariantGroup;
			children = (
				E8E0B7A71EF265F1004D19D1 /* Base */,
			);
			name = Main.storyboard;
			sourceTree = "<group>";
		};
		E8E0B7AB1EF265F1004D19D1 /* LaunchScreen.storyboard */ = {
			isa = PBXVariantGroup;
			children = (
				E8E0B7AC1EF265F1004D19D1 /* Base */,
			);
			name = LaunchScreen.storyboard;
			sourceTree = "<group>";
		};
/* End PBXVariantGroup section */

/* Begin XCBuildConfiguration section */
		E8E0B7C51EF265F1004D19D1 /* Debug */ = {
			isa = XCBuildConfiguration;
			buildSettings = {
				ALWAYS_SEARCH_USER_PATHS = NO;
				CLANG_ANALYZER_NONNULL = YES;
				CLANG_ANALYZER_NUMBER_OBJECT_CONVERSION = YES_AGGRESSIVE;
				CLANG_CXX_LANGUAGE_STANDARD = "gnu++0x";
				CLANG_CXX_LIBRARY = "libc++";
				CLANG_ENABLE_MODULES = YES;
				CLANG_ENABLE_OBJC_ARC = YES;
				CLANG_WARN_BOOL_CONVERSION = YES;
				CLANG_WARN_CONSTANT_CONVERSION = YES;
				CLANG_WARN_DIRECT_OBJC_ISA_USAGE = YES_ERROR;
				CLANG_WARN_DOCUMENTATION_COMMENTS = YES;
				CLANG_WARN_EMPTY_BODY = YES;
				CLANG_WARN_ENUM_CONVERSION = YES;
				CLANG_WARN_INFINITE_RECURSION = YES;
				CLANG_WARN_INT_CONVERSION = YES;
				CLANG_WARN_OBJC_ROOT_CLASS = YES_ERROR;
				CLANG_WARN_SUSPICIOUS_MOVE = YES;
				CLANG_WARN_UNREACHABLE_CODE = YES;
				CLANG_WARN__DUPLICATE_METHOD_MATCH = YES;
				"CODE_SIGN_IDENTITY[sdk=iphoneos*]" = "iPhone Developer";
				COPY_PHASE_STRIP = NO;
				DEBUG_INFORMATION_FORMAT = dwarf;
				ENABLE_STRICT_OBJC_MSGSEND = YES;
				ENABLE_TESTABILITY = YES;
				GCC_C_LANGUAGE_STANDARD = gnu99;
				GCC_DYNAMIC_NO_PIC = NO;
				GCC_NO_COMMON_BLOCKS = YES;
				GCC_OPTIMIZATION_LEVEL = 0;
				GCC_PREPROCESSOR_DEFINITIONS = (
					"DEBUG=1",
					"$(inherited)",
				);
				GCC_WARN_64_TO_32_BIT_CONVERSION = YES;
				GCC_WARN_ABOUT_RETURN_TYPE = YES_ERROR;
				GCC_WARN_UNDECLARED_SELECTOR = YES;
				GCC_WARN_UNINITIALIZED_AUTOS = YES_AGGRESSIVE;
				GCC_WARN_UNUSED_FUNCTION = YES;
				GCC_WARN_UNUSED_VARIABLE = YES;
				IPHONEOS_DEPLOYMENT_TARGET = 10.3;
				MTL_ENABLE_DEBUG_INFO = YES;
				ONLY_ACTIVE_ARCH = YES;
				SDKROOT = iphoneos;
				TARGETED_DEVICE_FAMILY = "1,2";
			};
			name = Debug;
		};
		E8E0B7C61EF265F1004D19D1 /* Release */ = {
			isa = XCBuildConfiguration;
			buildSettings = {
				ALWAYS_SEARCH_USER_PATHS = NO;
				CLANG_ANALYZER_NONNULL = YES;
				CLANG_ANALYZER_NUMBER_OBJECT_CONVERSION = YES_AGGRESSIVE;
				CLANG_CXX_LANGUAGE_STANDARD = "gnu++0x";
				CLANG_CXX_LIBRARY = "libc++";
				CLANG_ENABLE_MODULES = YES;
				CLANG_ENABLE_OBJC_ARC = YES;
				CLANG_WARN_BOOL_CONVERSION = YES;
				CLANG_WARN_CONSTANT_CONVERSION = YES;
				CLANG_WARN_DIRECT_OBJC_ISA_USAGE = YES_ERROR;
				CLANG_WARN_DOCUMENTATION_COMMENTS = YES;
				CLANG_WARN_EMPTY_BODY = YES;
				CLANG_WARN_ENUM_CONVERSION = YES;
				CLANG_WARN_INFINITE_RECURSION = YES;
				CLANG_WARN_INT_CONVERSION = YES;
				CLANG_WARN_OBJC_ROOT_CLASS = YES_ERROR;
				CLANG_WARN_SUSPICIOUS_MOVE = YES;
				CLANG_WARN_UNREACHABLE_CODE = YES;
				CLANG_WARN__DUPLICATE_METHOD_MATCH = YES;
				"CODE_SIGN_IDENTITY[sdk=iphoneos*]" = "iPhone Developer";
				COPY_PHASE_STRIP = NO;
				DEBUG_INFORMATION_FORMAT = "dwarf-with-dsym";
				ENABLE_NS_ASSERTIONS = NO;
				ENABLE_STRICT_OBJC_MSGSEND = YES;
				GCC_C_LANGUAGE_STANDARD = gnu99;
				GCC_NO_COMMON_BLOCKS = YES;
				GCC_WARN_64_TO_32_BIT_CONVERSION = YES;
				GCC_WARN_ABOUT_RETURN_TYPE = YES_ERROR;
				GCC_WARN_UNDECLARED_SELECTOR = YES;
				GCC_WARN_UNINITIALIZED_AUTOS = YES_AGGRESSIVE;
				GCC_WARN_UNUSED_FUNCTION = YES;
				GCC_WARN_UNUSED_VARIABLE = YES;
				IPHONEOS_DEPLOYMENT_TARGET = 10.3;
				MTL_ENABLE_DEBUG_INFO = NO;
				SDKROOT = iphoneos;
				TARGETED_DEVICE_FAMILY = "1,2";
				VALIDATE_PRODUCT = YES;
			};
			name = Release;
		};
		E8E0B7C81EF265F1004D19D1 /* Debug */ = {
			isa = XCBuildConfiguration;
			baseConfigurationReference = 2695B7C416DB026A31C44E78 /* Pods-初步学习GCD.debug.xcconfig */;
			buildSettings = {
				ASSETCATALOG_COMPILER_APPICON_NAME = AppIcon;
				DEVELOPMENT_TEAM = Z9ETZL94AX;
				INFOPLIST_FILE = "初步学习GCD/Info.plist";
				IPHONEOS_DEPLOYMENT_TARGET = 10.0;
				LD_RUNPATH_SEARCH_PATHS = "$(inherited) @executable_path/Frameworks";
				PRODUCT_BUNDLE_IDENTIFIER = "GCD.----GCD";
				PRODUCT_NAME = "$(TARGET_NAME)";
			};
			name = Debug;
		};
		E8E0B7C91EF265F1004D19D1 /* Release */ = {
			isa = XCBuildConfiguration;
			baseConfigurationReference = 0FD6D44812238C84B391CCE0 /* Pods-初步学习GCD.release.xcconfig */;
			buildSettings = {
				ASSETCATALOG_COMPILER_APPICON_NAME = AppIcon;
				DEVELOPMENT_TEAM = Z9ETZL94AX;
				INFOPLIST_FILE = "初步学习GCD/Info.plist";
				IPHONEOS_DEPLOYMENT_TARGET = 10.0;
				LD_RUNPATH_SEARCH_PATHS = "$(inherited) @executable_path/Frameworks";
				PRODUCT_BUNDLE_IDENTIFIER = "GCD.----GCD";
				PRODUCT_NAME = "$(TARGET_NAME)";
			};
			name = Release;
		};
		E8E0B7CB1EF265F1004D19D1 /* Debug */ = {
			isa = XCBuildConfiguration;
			buildSettings = {
				BUNDLE_LOADER = "$(TEST_HOST)";
				DEVELOPMENT_TEAM = Z9ETZL94AX;
				INFOPLIST_FILE = "初步学习GCDTests/Info.plist";
				LD_RUNPATH_SEARCH_PATHS = "$(inherited) @executable_path/Frameworks @loader_path/Frameworks";
				PRODUCT_BUNDLE_IDENTIFIER = "GCD.----GCDTests";
				PRODUCT_NAME = "$(TARGET_NAME)";
				TEST_HOST = "$(BUILT_PRODUCTS_DIR)/初步学习GCD.app/初步学习GCD";
			};
			name = Debug;
		};
		E8E0B7CC1EF265F1004D19D1 /* Release */ = {
			isa = XCBuildConfiguration;
			buildSettings = {
				BUNDLE_LOADER = "$(TEST_HOST)";
				DEVELOPMENT_TEAM = Z9ETZL94AX;
				INFOPLIST_FILE = "初步学习GCDTests/Info.plist";
				LD_RUNPATH_SEARCH_PATHS = "$(inherited) @executable_path/Frameworks @loader_path/Frameworks";
				PRODUCT_BUNDLE_IDENTIFIER = "GCD.----GCDTests";
				PRODUCT_NAME = "$(TARGET_NAME)";
				TEST_HOST = "$(BUILT_PRODUCTS_DIR)/初步学习GCD.app/初步学习GCD";
			};
			name = Release;
		};
		E8E0B7CE1EF265F1004D19D1 /* Debug */ = {
			isa = XCBuildConfiguration;
			buildSettings = {
				DEVELOPMENT_TEAM = Z9ETZL94AX;
				INFOPLIST_FILE = "初步学习GCDUITests/Info.plist";
				LD_RUNPATH_SEARCH_PATHS = "$(inherited) @executable_path/Frameworks @loader_path/Frameworks";
				PRODUCT_BUNDLE_IDENTIFIER = "GCD.----GCDUITests";
				PRODUCT_NAME = "$(TARGET_NAME)";
				TEST_TARGET_NAME = "初步学习GCD";
			};
			name = Debug;
		};
		E8E0B7CF1EF265F1004D19D1 /* Release */ = {
			isa = XCBuildConfiguration;
			buildSettings = {
				DEVELOPMENT_TEAM = Z9ETZL94AX;
				INFOPLIST_FILE = "初步学习GCDUITests/Info.plist";
				LD_RUNPATH_SEARCH_PATHS = "$(inherited) @executable_path/Frameworks @loader_path/Frameworks";
				PRODUCT_BUNDLE_IDENTIFIER = "GCD.----GCDUITests";
				PRODUCT_NAME = "$(TARGET_NAME)";
				TEST_TARGET_NAME = "初步学习GCD";
			};
			name = Release;
		};
/* End XCBuildConfiguration section */

/* Begin XCConfigurationList section */
		E8E0B7951EF265F1004D19D1 /* Build configuration list for PBXProject "初步学习GCD" */ = {
			isa = XCConfigurationList;
			buildConfigurations = (
				E8E0B7C51EF265F1004D19D1 /* Debug */,
				E8E0B7C61EF265F1004D19D1 /* Release */,
			);
			defaultConfigurationIsVisible = 0;
			defaultConfigurationName = Release;
		};
		E8E0B7C71EF265F1004D19D1 /* Build configuration list for PBXNativeTarget "初步学习GCD" */ = {
			isa = XCConfigurationList;
			buildConfigurations = (
				E8E0B7C81EF265F1004D19D1 /* Debug */,
				E8E0B7C91EF265F1004D19D1 /* Release */,
			);
			defaultConfigurationIsVisible = 0;
			defaultConfigurationName = Release;
		};
		E8E0B7CA1EF265F1004D19D1 /* Build configuration list for PBXNativeTarget "初步学习GCDTests" */ = {
			isa = XCConfigurationList;
			buildConfigurations = (
				E8E0B7CB1EF265F1004D19D1 /* Debug */,
				E8E0B7CC1EF265F1004D19D1 /* Release */,
			);
			defaultConfigurationIsVisible = 0;
			defaultConfigurationName = Release;
		};
		E8E0B7CD1EF265F1004D19D1 /* Build configuration list for PBXNativeTarget "初步学习GCDUITests" */ = {
			isa = XCConfigurationList;
			buildConfigurations = (
				E8E0B7CE1EF265F1004D19D1 /* Debug */,
				E8E0B7CF1EF265F1004D19D1 /* Release */,
			);
			defaultConfigurationIsVisible = 0;
			defaultConfigurationName = Release;
		};
/* End XCConfigurationList section */
	};
	rootObject = E8E0B7921EF265F1004D19D1 /* Project object */;
}
